# THIS IS AN AUTOGENERATED FILE. DO NOT EDIT THIS FILE DIRECTLY.
# yarn lockfile v1


"@lrnwebcomponents/a11y-media-player@^2.0.4":
  version "2.0.4"
  resolved "https://registry.yarnpkg.com/@lrnwebcomponents/a11y-media-player/-/a11y-media-player-2.0.4.tgz#be8d9c18df4c8f1bad77856b04aa27cd796e8ee2"
  integrity sha512-FWNS7+8RhRwzFs/yzjNiNbUJDJ1CwTM6BXCyba4tqivxAfjTr12CFHa8LMXwJV2hXDC3ddb+Vb9gilAgv+W9Ng==
  dependencies:
    "@lrnwebcomponents/dropdown-select" "^2.0.4"
    "@lrnwebcomponents/responsive-utility" "^2.0.4"
    "@lrnwebcomponents/simple-colors" "^2.0.4"
    "@lrnwebcomponents/simple-search" "^2.0.4"
    "@polymer/iron-a11y-keys" "^3.0.0"
    "@polymer/iron-ajax" "^3.0.0"
    "@polymer/iron-icons" "^3.0.1"
    "@polymer/neon-animation" "^3.0.0"
    "@polymer/paper-input" "^3.0.0"
    "@polymer/paper-item" "^3.0.0"
    "@polymer/paper-listbox" "^3.0.0"
    "@polymer/paper-menu-button" "^3.0.0"
    "@polymer/paper-slider" "^3.0.0"
    "@polymer/paper-toggle-button" "^3.0.0"
    "@polymer/paper-tooltip" "^3.0.0"
    "@polymer/polymer" "^3.0.5"
    screenfull "^4.0.0"

"@lrnwebcomponents/dropdown-select@^2.0.4":
  version "2.0.4"
  resolved "https://registry.yarnpkg.com/@lrnwebcomponents/dropdown-select/-/dropdown-select-2.0.4.tgz#738c916841c7ad0e4ff693cd621bdbadf9d21289"
  integrity sha512-/OZDfL5l/bZwH61NWRMCyPMLFsnSEQc59ULldLw2cMzrfCbd9WlGwJA+/UNECq2nfpKazVRQ65+pI/2Hwm4k8g==
  dependencies:
    "@polymer/neon-animation" "^3.0.0"
    "@polymer/paper-dropdown-menu" "^3.0.0"
    "@polymer/paper-item" "^3.0.0"
    "@polymer/paper-listbox" "^3.0.0"
    "@polymer/polymer" "^3.0.5"
    web-animations-js "^2.3.1"

"@lrnwebcomponents/hax-body-behaviors@^2.0.4":
  version "2.0.4"
  resolved "https://registry.yarnpkg.com/@lrnwebcomponents/hax-body-behaviors/-/hax-body-behaviors-2.0.4.tgz#ccddac7892d8a96b62b067adc019346524c03b1e"
  integrity sha512-66fjjZUikzP4jr1uKFwqAGlhgNodDT8UxhGIucRgHVsLNhQCjGRiAzdQlsVL8fupHVVV5cnbOd98/yLy1Zm5Dw==
  dependencies:
    "@polymer/polymer" "^3.0.5"

"@lrnwebcomponents/lrn-shared-styles@^2.0.4":
  version "2.0.4"
  resolved "https://registry.yarnpkg.com/@lrnwebcomponents/lrn-shared-styles/-/lrn-shared-styles-2.0.4.tgz#20ee16ee2a041a1ace8e3baf00a6aea98fda9ac8"
  integrity sha512-JiTajJUIqcPvzHrXv4gbcjEYDXfgcZwtHrX+TMMRo9ypQMWUAb8izoZlodNExHSz9LPGknnlr4uhckK1nqC6Bg==
  dependencies:
    "@polymer/iron-flex-layout" "^3.0.1"
    "@polymer/polymer" "^3.0.5"

"@lrnwebcomponents/responsive-utility@^2.0.4":
  version "2.0.4"
  resolved "https://registry.yarnpkg.com/@lrnwebcomponents/responsive-utility/-/responsive-utility-2.0.4.tgz#173f16f5b197dd432f512586f568b9c8805d580d"
  integrity sha512-SjRts+zEG5R+S6SNPdRDXO8SXBkbezgKOkVbORzFh9Ym/aly7R4G+MjntkQuZeRKPyOZyBkvFNTq2qCK74sExw==
  dependencies:
    "@polymer/iron-resizable-behavior" "^3.0.1"
    "@polymer/polymer" "^3.0.5"

"@lrnwebcomponents/simple-colors@^2.0.4":
  version "2.0.4"
  resolved "https://registry.yarnpkg.com/@lrnwebcomponents/simple-colors/-/simple-colors-2.0.4.tgz#0fb2c02ef64720923a563c5f232cdda1b7914cd5"
  integrity sha512-Asrp02mglLD5ZBWuVN9kvgrQrqwlr93rmMzC7GR9/ke1PAMGq+wbmH/h6wYq9dCVKEfADQrwVt5Cyiq3D2c8vQ==
  dependencies:
    "@lrnwebcomponents/simple-picker" "^2.0.4"
    "@polymer/iron-icons" "^3.0.1"
    "@polymer/polymer" "^3.0.5"

"@lrnwebcomponents/simple-picker@^2.0.4":
  version "2.0.4"
  resolved "https://registry.yarnpkg.com/@lrnwebcomponents/simple-picker/-/simple-picker-2.0.4.tgz#89e009fe1b3b2202d71d1b628aaad0d58036481c"
  integrity sha512-Eg+l/2hcEbctKKMtcJtmv6aobTUTHq08WOCD6rRvVPffCy//vBShP/DYPTOC8hks2TN0aN+50fQJncUrQS+1dA==
  dependencies:
    "@lrnwebcomponents/hax-body-behaviors" "^2.0.4"
    "@lrnwebcomponents/lrn-shared-styles" "^2.0.4"
    "@polymer/iron-icons" "^3.0.1"
    "@polymer/polymer" "^3.0.5"

"@lrnwebcomponents/simple-search@^2.0.4":
  version "2.0.4"
  resolved "https://registry.yarnpkg.com/@lrnwebcomponents/simple-search/-/simple-search-2.0.4.tgz#d38685c33834d84fdbafa125babcf7667d9b9902"
  integrity sha512-JawW0vL4GnW4ebgie8K1CExQ0MfXpES6ZQ4XvZkHRWolD+zk7FW/JMhuHBY7c5BrmI96IOC3/lXf5He+X2kBRQ==
  dependencies:
    "@polymer/iron-icons" "^3.0.1"
    "@polymer/paper-input" "^3.0.0"
    "@polymer/paper-tooltip" "^3.0.0"
    "@polymer/polymer" "^3.0.5"

"@polymer/font-roboto@^3.0.1":
  version "3.0.2"
  resolved "https://registry.yarnpkg.com/@polymer/font-roboto/-/font-roboto-3.0.2.tgz#80cdaa7225db2359130dfb2c6d9a3be1820020c3"
  integrity sha512-tx5TauYSmzsIvmSqepUPDYbs4/Ejz2XbZ1IkD7JEGqkdNUJlh+9KU85G56Tfdk/xjEZ8zorFfN09OSwiMrIQWA==

"@polymer/iron-a11y-announcer@^3.0.0-pre.26":
  version "3.0.2"
  resolved "https://registry.yarnpkg.com/@polymer/iron-a11y-announcer/-/iron-a11y-announcer-3.0.2.tgz#730dd36ccb2e042ecd5160ba439c2bf2f8a97412"
  integrity sha512-LqnMF39mXyxSSRbTHRzGbcJS8nU0NVTo2raBOgOlpxw5yfGJUVcwaTJ/qy5NtWCZLRfa4suycf0oAkuUjHTXHQ==
  dependencies:
    "@polymer/polymer" "^3.0.0"

"@polymer/iron-a11y-keys-behavior@^3.0.0-pre.26":
  version "3.0.1"
  resolved "https://registry.yarnpkg.com/@polymer/iron-a11y-keys-behavior/-/iron-a11y-keys-behavior-3.0.1.tgz#2868ea72912d2007ffab4734684a91f5aac49b84"
  integrity sha512-lnrjKq3ysbBPT/74l0Fj0U9H9C35Tpw2C/tpJ8a+5g8Y3YJs1WSZYnEl1yOkw6sEyaxOq/1DkzH0+60gGu5/PQ==
  dependencies:
    "@polymer/polymer" "^3.0.0"

"@polymer/iron-a11y-keys@^3.0.0":
  version "3.0.1"
  resolved "https://registry.yarnpkg.com/@polymer/iron-a11y-keys/-/iron-a11y-keys-3.0.1.tgz#bd59613c27248f7e516bbe389087d01be9396e9c"
  integrity sha512-zmTi8xHeY4ZMJLAitW2hAmW5zXZ35hVy/eHQUFadAlOccuBK3oRRmoPRQRaZgpyJrCVFDAQRXXzzJtUDil/0CA==
  dependencies:
    "@polymer/iron-a11y-keys-behavior" "^3.0.0-pre.26"
    "@polymer/polymer" "^3.0.0"

"@polymer/iron-ajax@^3.0.0":
  version "3.0.1"
  resolved "https://registry.yarnpkg.com/@polymer/iron-ajax/-/iron-ajax-3.0.1.tgz#831781be31ced011ac7243a46e34a775a4bb3133"
  integrity sha512-7+TPEAfWsRdhj1Y8UeF1759ktpVu+c3sG16rJiUC3wF9+woQ9xI1zUm2d59i7Yc3aDEJrR/Q8Y262KlOvyGVNg==
  dependencies:
    "@polymer/polymer" "^3.0.0"

"@polymer/iron-autogrow-textarea@^3.0.0-pre.26":
  version "3.0.1"
  resolved "https://registry.yarnpkg.com/@polymer/iron-autogrow-textarea/-/iron-autogrow-textarea-3.0.1.tgz#0205d9c5ca16f3afd505f41e9037989707d59dce"
  integrity sha512-FgSL7APrOSL9Vu812sBCFlQ17hvnJsBAV2C2e1UAiaHhB+dyfLq8gGdGUpqVWuGJ50q4Y/49QwCNnLf85AdVYA==
  dependencies:
    "@polymer/iron-behaviors" "^3.0.0-pre.26"
    "@polymer/iron-flex-layout" "^3.0.0-pre.26"
    "@polymer/iron-validatable-behavior" "^3.0.0-pre.26"
    "@polymer/polymer" "^3.0.0"

"@polymer/iron-behaviors@^3.0.0-pre.26":
  version "3.0.1"
  resolved "https://registry.yarnpkg.com/@polymer/iron-behaviors/-/iron-behaviors-3.0.1.tgz#a3b6f876779a7f0a91a15e4423890968b6525901"
  integrity sha512-IMEwcv1lhf1HSQxuyWOUIL0lOBwmeaoSTpgCJeP9IBYnuB1SPQngmfRuHKgK6/m9LQ9F9miC7p3HeQQUdKAE0w==
  dependencies:
    "@polymer/iron-a11y-keys-behavior" "^3.0.0-pre.26"
    "@polymer/polymer" "^3.0.0"

"@polymer/iron-checked-element-behavior@^3.0.0-pre.26":
  version "3.0.1"
  resolved "https://registry.yarnpkg.com/@polymer/iron-checked-element-behavior/-/iron-checked-element-behavior-3.0.1.tgz#7a4b49646603657ab2c5e5ca7bd97f34444fdaf5"
  integrity sha512-aDr0cbCNVq49q+pOqa6CZutFh+wWpwPMLpEth9swx+GkAj+gCURhuQkaUYhIo5f2egDbEioR1aeHMnPlU9dQZA==
  dependencies:
    "@polymer/iron-form-element-behavior" "^3.0.0-pre.26"
    "@polymer/iron-validatable-behavior" "^3.0.0-pre.26"
    "@polymer/polymer" "^3.0.0"

"@polymer/iron-dropdown@^3.0.0-pre.26":
  version "3.0.1"
  resolved "https://registry.yarnpkg.com/@polymer/iron-dropdown/-/iron-dropdown-3.0.1.tgz#c573faa1a08c179d201ae877c1c726018314bff3"
  integrity sha512-22yLhepfcKjuQMfFmRHi/9MPKTqkzgRrmWWW0P5uqK++xle53k2QBO5VYUAYiCN3ZcxIi9lEhZ9YWGeQj2JBig==
  dependencies:
    "@polymer/iron-behaviors" "^3.0.0-pre.26"
    "@polymer/iron-overlay-behavior" "^3.0.0-pre.27"
    "@polymer/neon-animation" "^3.0.0-pre.26"
    "@polymer/polymer" "^3.0.0"

"@polymer/iron-fit-behavior@^3.0.0-pre.26":
  version "3.0.1"
  resolved "https://registry.yarnpkg.com/@polymer/iron-fit-behavior/-/iron-fit-behavior-3.0.1.tgz#e5c26b0b4d9e74f0c3d6d56b9cfd460e84bddf0d"
  integrity sha512-/M0B1L30k31vmwNBaGuZcxzUAhJSHoGccb/DF0CDKI/hT8UlkTvcyemaWdOpmHHLgY52ceKIkRwA3AeXrKyvaQ==
  dependencies:
    "@polymer/polymer" "^3.0.0"

"@polymer/iron-flex-layout@^3.0.0-pre.26", "@polymer/iron-flex-layout@^3.0.1":
  version "3.0.1"
  resolved "https://registry.yarnpkg.com/@polymer/iron-flex-layout/-/iron-flex-layout-3.0.1.tgz#36f9e1a8eb792d279b2bc75d362628721ad37f0c"
  integrity sha512-7gB869czArF+HZcPTVSgvA7tXYFze9EKckvM95NB7SqYF+NnsQyhoXgKnpFwGyo95lUjUW9TFDLUwDXnCYFtkw==
  dependencies:
    "@polymer/polymer" "^3.0.0"

"@polymer/iron-form-element-behavior@^3.0.0-pre.26":
  version "3.0.1"
  resolved "https://registry.yarnpkg.com/@polymer/iron-form-element-behavior/-/iron-form-element-behavior-3.0.1.tgz#4c79e1981d7796ce659e997f3b8f5e14b4a075a4"
  integrity sha512-G/e2KXyL5AY7mMjmomHkGpgS0uAf4ovNpKhkuUTRnMuMJuf589bKqE85KN4ovE1Tzhv2hJoh/igyD6ekHiYU1A==
  dependencies:
    "@polymer/polymer" "^3.0.0"

"@polymer/iron-icon@^3.0.0-pre.26":
  version "3.0.1"
  resolved "https://registry.yarnpkg.com/@polymer/iron-icon/-/iron-icon-3.0.1.tgz#93211c39d8825fe4965a68419566036c1df291eb"
  integrity sha512-QLPwirk+UPZNaLnMew9VludXA4CWUCenRewgEcGYwdzVgDPCDbXxy6vRJjmweZobMQv/oVLppT2JZtJFnPxX6g==
  dependencies:
    "@polymer/iron-flex-layout" "^3.0.0-pre.26"
    "@polymer/iron-meta" "^3.0.0-pre.26"
    "@polymer/polymer" "^3.0.0"

"@polymer/iron-icons@^3.0.1":
  version "3.0.1"
  resolved "https://registry.yarnpkg.com/@polymer/iron-icons/-/iron-icons-3.0.1.tgz#c1bd31d8483afbdb5422cdc384081e19c9267cfe"
  integrity sha512-xtEI8erH2GIBiF3QxEMyW81XuVjguu6Le5WjEEpX67qd9z7jjmc4T/ke3zRUlnDydex9p8ytcwVpMIKcyvjYAQ==
  dependencies:
    "@polymer/iron-icon" "^3.0.0-pre.26"
    "@polymer/iron-iconset-svg" "^3.0.0-pre.26"
    "@polymer/polymer" "^3.0.0"

"@polymer/iron-iconset-svg@^3.0.0-pre.26":
  version "3.0.1"
  resolved "https://registry.yarnpkg.com/@polymer/iron-iconset-svg/-/iron-iconset-svg-3.0.1.tgz#568d6e7dbc120299dae63be3600aeba0d30ddbea"
  integrity sha512-XNwURbNHRw6u2fJe05O5fMYye6GSgDlDqCO+q6K1zAnKIrpgZwf2vTkBd5uCcZwsN0FyCB3mvNZx4jkh85dRDw==
  dependencies:
    "@polymer/iron-meta" "^3.0.0-pre.26"
    "@polymer/polymer" "^3.0.0"

"@polymer/iron-input@^3.0.0-pre.26":
  version "3.0.1"
  resolved "https://registry.yarnpkg.com/@polymer/iron-input/-/iron-input-3.0.1.tgz#dc866a25107f9b38d9ca4512dd9a3e51b78b4915"
  integrity sha512-WLx13kEcbH9GKbj9+pWR6pbJkA5kxn3796ynx6eQd2rueMyUfVTR3GzOvadBKsciUuIuzrxpBWZ2+3UcueVUQQ==
  dependencies:
    "@polymer/iron-a11y-announcer" "^3.0.0-pre.26"
    "@polymer/iron-validatable-behavior" "^3.0.0-pre.26"
    "@polymer/polymer" "^3.0.0"

"@polymer/iron-menu-behavior@^3.0.0-pre.26":
  version "3.0.2"
  resolved "https://registry.yarnpkg.com/@polymer/iron-menu-behavior/-/iron-menu-behavior-3.0.2.tgz#f8fa2d59af472a4cb4fb0359c704b808bc2c105d"
  integrity sha512-8dpASkFNBIkxAJWsFLWIO1M7tKM0+wKs3PqdeF/dDdBciwoaaFgC2K1XCZFZnbe2t9/nJgemXxVugGZAWpYCGg==
  dependencies:
    "@polymer/iron-a11y-keys-behavior" "^3.0.0-pre.26"
    "@polymer/iron-flex-layout" "^3.0.0-pre.26"
    "@polymer/iron-selector" "^3.0.0-pre.26"
    "@polymer/polymer" "^3.0.0"

"@polymer/iron-meta@^3.0.0-pre.26":
  version "3.0.1"
  resolved "https://registry.yarnpkg.com/@polymer/iron-meta/-/iron-meta-3.0.1.tgz#7f140628d127b0a284f882f1bb323a261bc125f5"
  integrity sha512-pWguPugiLYmWFV9UWxLWzZ6gm4wBwQdDy4VULKwdHCqR7OP7u98h+XDdGZsSlDPv6qoryV/e3tGHlTIT0mbzJA==
  dependencies:
    "@polymer/polymer" "^3.0.0"

"@polymer/iron-overlay-behavior@^3.0.0-pre.27":
  version "3.0.2"
  resolved "https://registry.yarnpkg.com/@polymer/iron-overlay-behavior/-/iron-overlay-behavior-3.0.2.tgz#6a12a3f4eab4721eb6978ed950be534c9c283983"
  integrity sha512-j1qmt6mJHCwpe1mKOvqK5kcCUPQr5LSrlqpgRDbUuLgUfNJ/vGTipjrkBlfbEUagm5FEQdc1VLPLSQP6WVuP9g==
  dependencies:
    "@polymer/iron-a11y-keys-behavior" "^3.0.0-pre.26"
    "@polymer/iron-fit-behavior" "^3.0.0-pre.26"
    "@polymer/iron-resizable-behavior" "^3.0.0-pre.26"
    "@polymer/polymer" "^3.0.0"

"@polymer/iron-range-behavior@^3.0.0-pre.26":
  version "3.0.1"
  resolved "https://registry.yarnpkg.com/@polymer/iron-range-behavior/-/iron-range-behavior-3.0.1.tgz#0aba35addb0a390bd3eafc307c35389cddbe8677"
  integrity sha512-+jtL9v45M/T1RJleWyQaNH84S9/mIIR+AjNbYIttbKGp1eG+98j8MDWe7LXNtg79V2LQnE/+VS82cBeELyGVeg==
  dependencies:
    "@polymer/polymer" "^3.0.0"

"@polymer/iron-resizable-behavior@^3.0.0-pre.26", "@polymer/iron-resizable-behavior@^3.0.1":
  version "3.0.1"
  resolved "https://registry.yarnpkg.com/@polymer/iron-resizable-behavior/-/iron-resizable-behavior-3.0.1.tgz#e284348ed7c1c7e263f7039297532fa954025ea2"
  integrity sha512-FyHxRxFspVoRaeZSWpT3y0C9awomb4tXXolIJcZ7RvXhMP632V5lez+ch5G5SwK0LpnAPkg35eB0LPMFv+YMMQ==
  dependencies:
    "@polymer/polymer" "^3.0.0"

"@polymer/iron-selector@^3.0.0-pre.26":
  version "3.0.1"
  resolved "https://registry.yarnpkg.com/@polymer/iron-selector/-/iron-selector-3.0.1.tgz#e845bec58489c96b4e7609525532437869ad5a88"
  integrity sha512-sBVk2uas6prW0glUe2xEJJYlvxmYzM40Au9OKbfDK2Qekou/fLKcBRyIYI39kuI8zWRaip8f3CI8qXcUHnKb1A==
  dependencies:
    "@polymer/polymer" "^3.0.0"

"@polymer/iron-validatable-behavior@^3.0.0-pre.26":
  version "3.0.1"
  resolved "https://registry.yarnpkg.com/@polymer/iron-validatable-behavior/-/iron-validatable-behavior-3.0.1.tgz#73538f005a07741c31b6fc1e981168c3d3e0d92b"
  integrity sha512-wwpYh6wOa4fNI+jH5EYKC7TVPYQ2OfgQqocWat7GsNWcsblKYhLYbwsvEY5nO0n2xKqNfZzDLrUom5INJN7msQ==
  dependencies:
    "@polymer/iron-meta" "^3.0.0-pre.26"
    "@polymer/polymer" "^3.0.0"

"@polymer/neon-animation@^3.0.0", "@polymer/neon-animation@^3.0.0-pre.26":
  version "3.0.1"
  resolved "https://registry.yarnpkg.com/@polymer/neon-animation/-/neon-animation-3.0.1.tgz#6658e4b524abc057477772a7473292493d366c24"
  integrity sha512-cDDc0llpVCe0ATbDS3clDthI54Bc8YwZIeTGGmBJleKOvbRTUC5+ssJmRL+VwVh+VM5FlnQlx760ppftY3uprg==
  dependencies:
    "@polymer/iron-resizable-behavior" "^3.0.0-pre.26"
    "@polymer/iron-selector" "^3.0.0-pre.26"
    "@polymer/polymer" "^3.0.0"

"@polymer/paper-behaviors@^3.0.0-pre.27":
  version "3.0.1"
  resolved "https://registry.yarnpkg.com/@polymer/paper-behaviors/-/paper-behaviors-3.0.1.tgz#83f1cd06489f484c1b108a2967fb01952df722ad"
  integrity sha512-6knhj69fPJejv8qR0kCSUY+Q0XjaUf0OSnkjRjmTJPAwSrRYtgqE+l6P1FfA+py1X/cUjgne9EF5rMZAKJIg1g==
  dependencies:
    "@polymer/iron-behaviors" "^3.0.0-pre.26"
    "@polymer/iron-checked-element-behavior" "^3.0.0-pre.26"
    "@polymer/paper-ripple" "^3.0.0-pre.26"
    "@polymer/polymer" "^3.0.0"

"@polymer/paper-dropdown-menu@^3.0.0":
  version "3.0.1"
  resolved "https://registry.yarnpkg.com/@polymer/paper-dropdown-menu/-/paper-dropdown-menu-3.0.1.tgz#73d7b962de2ccd52bc644b42a7e3f5de4cb99c2f"
  integrity sha512-GBFzoP8SC+MTcLgKAflmGEvfjboCFVNkJd39fBEoNHAV3KU92ugmR4sl9iFaIaaGuxJ7QdjsLa2zQPlcS4lr6Q==
  dependencies:
    "@polymer/iron-a11y-keys-behavior" "^3.0.0-pre.26"
    "@polymer/iron-form-element-behavior" "^3.0.0-pre.26"
    "@polymer/iron-icon" "^3.0.0-pre.26"
    "@polymer/iron-iconset-svg" "^3.0.0-pre.26"
    "@polymer/iron-validatable-behavior" "^3.0.0-pre.26"
    "@polymer/paper-behaviors" "^3.0.0-pre.27"
    "@polymer/paper-input" "^3.0.0-pre.26"
    "@polymer/paper-menu-button" "^3.0.0-pre.26"
    "@polymer/paper-ripple" "^3.0.0-pre.26"
    "@polymer/paper-styles" "^3.0.0-pre.26"
    "@polymer/polymer" "^3.0.0"

"@polymer/paper-input@^3.0.0", "@polymer/paper-input@^3.0.0-pre.26":
  version "3.0.1"
  resolved "https://registry.yarnpkg.com/@polymer/paper-input/-/paper-input-3.0.1.tgz#ec711a131af74f10553bbf1125971ddc354afe62"
  integrity sha512-th6fuP6PyQEBJSWVtJQ/ZsoQp8Zysq4bRIOg2uGZsNX6gfm6AVoMph5pXOlS8RHoVDDYDG9GRjQib7JPSWKkrw==
  dependencies:
    "@polymer/iron-a11y-keys-behavior" "^3.0.0-pre.26"
    "@polymer/iron-autogrow-textarea" "^3.0.0-pre.26"
    "@polymer/iron-behaviors" "^3.0.0-pre.26"
    "@polymer/iron-form-element-behavior" "^3.0.0-pre.26"
    "@polymer/iron-input" "^3.0.0-pre.26"
    "@polymer/paper-styles" "^3.0.0-pre.26"
    "@polymer/polymer" "^3.0.0"

"@polymer/paper-item@^3.0.0":
  version "3.0.1"
  resolved "https://registry.yarnpkg.com/@polymer/paper-item/-/paper-item-3.0.1.tgz#05b3543483e556cd5532431cd1751a84343989b5"
  integrity sha512-KTk2N+GsYiI/HuubL3sxebZ6tteQbBOAp4QVLAnbjSPmwl+mJSDWk+omuadesU0bpkCwaWVs3fHuQsmXxy4pkw==
  dependencies:
    "@polymer/iron-behaviors" "^3.0.0-pre.26"
    "@polymer/iron-flex-layout" "^3.0.0-pre.26"
    "@polymer/paper-styles" "^3.0.0-pre.26"
    "@polymer/polymer" "^3.0.0"

"@polymer/paper-listbox@^3.0.0":
  version "3.0.1"
  resolved "https://registry.yarnpkg.com/@polymer/paper-listbox/-/paper-listbox-3.0.1.tgz#fe05094781b359e4afbc5bec89a07758a303a957"
  integrity sha512-vMLWFpYcggAPmEDBmK+96fFefacOG3GLB1EguTn8+ZkqI+328hNfw1MzHjH68rgCIIUtjmm+9qgB1Sy/MN0a/A==
  dependencies:
    "@polymer/iron-behaviors" "^3.0.0-pre.26"
    "@polymer/iron-menu-behavior" "^3.0.0-pre.26"
    "@polymer/paper-styles" "^3.0.0-pre.26"
    "@polymer/polymer" "^3.0.0"

"@polymer/paper-menu-button@^3.0.0", "@polymer/paper-menu-button@^3.0.0-pre.26":
  version "3.0.1"
  resolved "https://registry.yarnpkg.com/@polymer/paper-menu-button/-/paper-menu-button-3.0.1.tgz#318fc4d884a01d42ed0f3f3b5a6f78548d64befa"
  integrity sha512-Rxte2Fp7N2BMI2FMM7tB25IkvD11DhjMklcg97JP1jnlHbJNrXPh5SSX2bdtabz49UE8vejIsrxZ+AGsB5nqIQ==
  dependencies:
    "@polymer/iron-a11y-keys-behavior" "^3.0.0-pre.26"
    "@polymer/iron-behaviors" "^3.0.0-pre.26"
    "@polymer/iron-dropdown" "^3.0.0-pre.26"
    "@polymer/iron-fit-behavior" "^3.0.0-pre.26"
    "@polymer/neon-animation" "^3.0.0-pre.26"
    "@polymer/paper-styles" "^3.0.0-pre.26"
    "@polymer/polymer" "^3.0.0"

"@polymer/paper-progress@^3.0.0-pre.26":
  version "3.0.1"
  resolved "https://registry.yarnpkg.com/@polymer/paper-progress/-/paper-progress-3.0.1.tgz#2943054a909ad381236b3c7aecee078123bba839"
  integrity sha512-5nguG+tmnyoaWKVNG8Smtno2uLSPBgEsT3f20JY8yJTjUBYWaqa8E3l5RLkTRXgA4x9OnvLb8/CdlQWXQIogBg==
  dependencies:
    "@polymer/iron-flex-layout" "^3.0.0-pre.26"
    "@polymer/iron-range-behavior" "^3.0.0-pre.26"
    "@polymer/paper-styles" "^3.0.0-pre.26"
    "@polymer/polymer" "^3.0.0"

"@polymer/paper-ripple@^3.0.0-pre.26":
  version "3.0.1"
  resolved "https://registry.yarnpkg.com/@polymer/paper-ripple/-/paper-ripple-3.0.1.tgz#28e506f079f840703bf8cbfd62966e1e83ebc3c3"
  integrity sha512-dgOe12GyCF1VZBLUQqnzGWlf3xb255FajNCVB1VFj/AtskYtoamnafa7m3a+1vs+C8qbg4Benn5KwgxVDSW4cg==
  dependencies:
    "@polymer/iron-a11y-keys-behavior" "^3.0.0-pre.26"
    "@polymer/polymer" "^3.0.0"

"@polymer/paper-slider@^3.0.0":
  version "3.0.1"
  resolved "https://registry.yarnpkg.com/@polymer/paper-slider/-/paper-slider-3.0.1.tgz#f252af4b41f7ce72bd4fb761e6b1efd55ca75550"
  integrity sha512-TNA8nEQci1fe3vTQQaFwkPj9p9yTLSr9Mhe8xQSTHpFNKun1rsp91LlKJmiKJDO7xU9RGZmA2mRlQwaj6kgR3g==
  dependencies:
    "@polymer/iron-a11y-keys-behavior" "^3.0.0-pre.26"
    "@polymer/iron-behaviors" "^3.0.0-pre.26"
    "@polymer/iron-flex-layout" "^3.0.0-pre.26"
    "@polymer/iron-form-element-behavior" "^3.0.0-pre.26"
    "@polymer/paper-behaviors" "^3.0.0-pre.27"
    "@polymer/paper-input" "^3.0.0-pre.26"
    "@polymer/paper-progress" "^3.0.0-pre.26"
    "@polymer/paper-styles" "^3.0.0-pre.26"
    "@polymer/polymer" "^3.0.0"

"@polymer/paper-styles@^3.0.0-pre.26":
  version "3.0.1"
  resolved "https://registry.yarnpkg.com/@polymer/paper-styles/-/paper-styles-3.0.1.tgz#bd4962b83ab8432cd1cf197bb5222d3a08f135e1"
  integrity sha512-y6hmObLqlCx602TQiSBKHqjwkE7xmDiFkoxdYGaNjtv4xcysOTdVJsDR/R9UHwIaxJ7gHlthMSykir1nv78++g==
  dependencies:
    "@polymer/font-roboto" "^3.0.1"
    "@polymer/iron-flex-layout" "^3.0.0-pre.26"
    "@polymer/polymer" "^3.0.0"

"@polymer/paper-toggle-button@^3.0.0":
  version "3.0.1"
  resolved "https://registry.yarnpkg.com/@polymer/paper-toggle-button/-/paper-toggle-button-3.0.1.tgz#7d855420f0df96e7f812a9f1bdcfbc5ab082e819"
  integrity sha512-jadZB60fycT7YnSAH0H23LYo6/2HYmMZTtNr9LpdSIRFPLX6mqqxewex92cFz019bMKaRJgORn308hRlJo2u6A==
  dependencies:
    "@polymer/iron-checked-element-behavior" "^3.0.0-pre.26"
    "@polymer/paper-behaviors" "^3.0.0-pre.27"
    "@polymer/paper-styles" "^3.0.0-pre.26"
    "@polymer/polymer" "^3.0.0"

"@polymer/paper-tooltip@^3.0.0":
  version "3.0.1"
  resolved "https://registry.yarnpkg.com/@polymer/paper-tooltip/-/paper-tooltip-3.0.1.tgz#cdbb06442737513f081437c6302842170ce714dc"
  integrity sha512-yiUk09opTEnE1lK+tb501ENb+yQBi4p++Ep0eGJAHesVYKVMPNgPphVKkIizkDaU+n0SE+zXfTsRbYyOMDYXSg==
  dependencies:
    "@polymer/paper-styles" "^3.0.0-pre.26"
    "@polymer/polymer" "^3.0.0"

"@polymer/polymer@^3.0.0", "@polymer/polymer@^3.0.5":
  version "3.1.0"
  resolved "https://registry.yarnpkg.com/@polymer/polymer/-/polymer-3.1.0.tgz#3e1b7447a1e350fd654e1823def655d0f0828a70"
  integrity sha512-hwN8IMERsFATz/9dSMxYHL+84J9uBkPuuarxJWlTsppZ4CAYTZKnepBfNrKoyNsafBmA3yXBiiKPPf+fJtza7A==
  dependencies:
    "@webcomponents/shadycss" "^1.5.2"

"@webcomponents/shadycss@^1.5.2":
  version "1.9.0"
  resolved "https://registry.yarnpkg.com/@webcomponents/shadycss/-/shadycss-1.9.0.tgz#8450465037370d4f5c32e801bb2554a7cf2f5037"
  integrity sha512-g8Xa+6RSEME4g/wLJW4YII0eq15rvXp76RxPAuv7hx+Bdoi7GzZJ/EoZOUfyIbqAsQbII1TcWD4/+Xhs5NcM1w==

"@webcomponents/webcomponentsjs@^2.2.7":
  version "2.2.7"
  resolved "https://registry.yarnpkg.com/@webcomponents/webcomponentsjs/-/webcomponentsjs-2.2.7.tgz#1f1a7a7aa083db5ae6aadaeda68caa8fd8657462"
  integrity sha512-kPPjzV+5kpoWpTniyvBSPcXS33f3j/C6HvNOJ3YecF3pvz3XwVeU4ammbxtVy/osF3z7hr1DYNptIf4oPEvXZA==

screenfull@^4.0.0:
  version "4.0.0"
  resolved "https://registry.yarnpkg.com/screenfull/-/screenfull-4.0.0.tgz#86f3c26a2e516c8143884d8af16d07f0cb653394"
  integrity sha512-b5e07aVR219hkfKqKsBpUqGrR4JCB8UeHT3RiocIf/fXE9TMSkadO5H83r7XYSV05w2uRF9gWvZYiLgOHS6O5g==

web-animations-js@^2.3.1:
  version "2.3.1"
  resolved "https://registry.yarnpkg.com/web-animations-js/-/web-animations-js-2.3.1.tgz#3a6d9bc15196377a90f8e2803fa5262165b04510"
  integrity sha1-Om2bwVGWN3qQ+OKAP6UmIWWwRRA=
